
Microsoft Visual Studio Solution File, Format Version 12.00
# Visual Studio Version 16
VisualStudioVersion = 16.0.30804.86
MinimumVisualStudioVersion = 10.0.40219.1
Project("{FAE04EC0-301F-11D3-BF4B-00C04F79EFBC}") = "TicTacToe", "TicTacToe.csproj", "{1CF01EF3-B570-48CF-B788-6C1A9D0DC625}"
EndProject
Global
	GlobalSection(SolutionConfigurationPlatforms) = preSolution
		Debug|Any CPU = Debug|Any CPU
		Release|Any CPU = Release|Any CPU
	EndGlobalSection
	GlobalSection(ProjectConfigurationPlatforms) = postSolution
		{1CF01EF3-B570-48CF-B788-6C1A9D0DC625}.Debug|Any CPU.ActiveCfg = Debug|Any CPU
		{1CF01EF3-B570-48CF-B788-6C1A9D0DC625}.Debug|Any CPU.Build.0 = Debug|Any CPU
		{1CF01EF3-B570-48CF-B788-6C1A9D0DC625}.Release|Any CPU.ActiveCfg = Release|Any CPU
		{1CF01EF3-B570-48CF-B788-6C1A9D0DC625}.Release|Any CPU.Build.0 = Release|Any CPU
	EndGlobalSection
	GlobalSection(SolutionProperties) = preSolution
		HideSolutionNode = FALSE
	EndGlobalSection
	GlobalSection(ExtensibilityGlobals) = postSolution
		SolutionGuid = {22D19720-54EB-4F9C-8E89-FEEAF24CCB0E}
	EndGlobalSection
EndGlobal
